
Microsoft Visual Studio Solution File, Format Version 12.00
# Visual Studio Version 17
VisualStudioVersion = 17.8.34316.72
MinimumVisualStudioVersion = 10.0.40219.1
Project("{FAE04EC0-301F-11D3-BF4B-00C04F79EFBC}") = "Advertisement", "Advertisement.csproj", "{17158F3D-2C5B-487A-9D47-6CEC38CB0BB1}"
EndProject
Project("{54A90642-561A-4BB1-A94E-469ADEE60C69}") = "video_app", "..\Video_App\video_app.esproj", "{FC8CD58F-EA49-4DF9-8CF1-136A4846A075}"
EndProject
Global
	GlobalSection(SolutionConfigurationPlatforms) = preSolution
		Debug|Any CPU = Debug|Any CPU
		Release|Any CPU = Release|Any CPU
	EndGlobalSection
	GlobalSection(ProjectConfigurationPlatforms) = postSolution
		{17158F3D-2C5B-487A-9D47-6CEC38CB0BB1}.Debug|Any CPU.ActiveCfg = Debug|Any CPU
		{17158F3D-2C5B-487A-9D47-6CEC38CB0BB1}.Debug|Any CPU.Build.0 = Debug|Any CPU
		{17158F3D-2C5B-487A-9D47-6CEC38CB0BB1}.Release|Any CPU.ActiveCfg = Release|Any CPU
		{17158F3D-2C5B-487A-9D47-6CEC38CB0BB1}.Release|Any CPU.Build.0 = Release|Any CPU
		{FC8CD58F-EA49-4DF9-8CF1-136A4846A075}.Debug|Any CPU.ActiveCfg = Debug|Any CPU
		{FC8CD58F-EA49-4DF9-8CF1-136A4846A075}.Debug|Any CPU.Build.0 = Debug|Any CPU
		{FC8CD58F-EA49-4DF9-8CF1-136A4846A075}.Debug|Any CPU.Deploy.0 = Debug|Any CPU
		{FC8CD58F-EA49-4DF9-8CF1-136A4846A075}.Release|Any CPU.ActiveCfg = Release|Any CPU
		{FC8CD58F-EA49-4DF9-8CF1-136A4846A075}.Release|Any CPU.Build.0 = Release|Any CPU
		{FC8CD58F-EA49-4DF9-8CF1-136A4846A075}.Release|Any CPU.Deploy.0 = Release|Any CPU
	EndGlobalSection
	GlobalSection(SolutionProperties) = preSolution
		HideSolutionNode = FALSE
	EndGlobalSection
	GlobalSection(ExtensibilityGlobals) = postSolution
		SolutionGuid = {2878DF73-2BF1-4462-8B49-82011770912B}
	EndGlobalSection
EndGlobal
